{
  "name": "collect-tweets",
  "version": "1.0.0",
  "lockfileVersion": 1,
  "requires": true,
  "dependencies": {
    "twitter-api-v2": {
      "version": "1.12.2",
      "resolved": "https://registry.npmjs.org/twitter-api-v2/-/twitter-api-v2-1.12.2.tgz",
      "integrity": "sha512-vgv4ndG7BcjSzcm/Owf+tN4DVSZxWlN61hpulFkmUdf+hBjWvr/0edHoy+IUm1g2pJ7c+6706ZgkjZPdp0GHQA=="
    }
  }
}
